
Microsoft Visual Studio Solution File, Format Version 12.00
# Visual Studio Version 17
VisualStudioVersion = 17.3.32922.545
MinimumVisualStudioVersion = 10.0.40219.1
Project("{FAE04EC0-301F-11D3-BF4B-00C04F79EFBC}") = "Folders", "Folders\Folders.csproj", "{4AD8C480-5087-4733-8D3C-B788F198D145}"
EndProject
Global
	GlobalSection(SolutionConfigurationPlatforms) = preSolution
		Debug|Any CPU = Debug|Any CPU
		Release|Any CPU = Release|Any CPU
	EndGlobalSection
	GlobalSection(ProjectConfigurationPlatforms) = postSolution
		{4AD8C480-5087-4733-8D3C-B788F198D145}.Debug|Any CPU.ActiveCfg = Debug|Any CPU
		{4AD8C480-5087-4733-8D3C-B788F198D145}.Debug|Any CPU.Build.0 = Debug|Any CPU
		{4AD8C480-5087-4733-8D3C-B788F198D145}.Release|Any CPU.ActiveCfg = Release|Any CPU
		{4AD8C480-5087-4733-8D3C-B788F198D145}.Release|Any CPU.Build.0 = Release|Any CPU
	EndGlobalSection
	GlobalSection(SolutionProperties) = preSolution
		HideSolutionNode = FALSE
	EndGlobalSection
	GlobalSection(ExtensibilityGlobals) = postSolution
		SolutionGuid = {CA27D15B-0DED-48CF-B1B1-FCC55404588B}
	EndGlobalSection
EndGlobal
